{
  "version": "5",
  "specifiers": {
    "npm:fast-xml-parser@^5.2.5": "5.2.5"
  },
  "npm": {
    "fast-xml-parser@5.2.5": {
      "integrity": "sha512-pfX9uG9Ki0yekDHx2SiuRIyFdyAr1kMIMitPvb0YBo8SUfKvia7w7FIyd/l6av85pFYRhZscS75MwMnbvY+hcQ==",
      "dependencies": [
        "strnum"
      ],
      "bin": true
    },
    "strnum@2.1.1": {
      "integrity": "sha512-7ZvoFTiCnGxBtDqJ//Cu6fWtZtc7Y3x+QOirG15wztbdngGSkht27o2pyGWrVy0b4WAy3jbKmnoK6g5VlVNUUw=="
    }
  },
  "workspace": {
    "dependencies": [
      "npm:fast-xml-parser@^5.2.5"
    ]
  }
}
